
Microsoft Visual Studio Solution File, Format Version 12.00
# Visual Studio Version 17
VisualStudioVersion = 17.4.33213.308
MinimumVisualStudioVersion = 10.0.40219.1
Project("{FAE04EC0-301F-11D3-BF4B-00C04F79EFBC}") = "CheckBoxEEventos", "CheckBoxEEventos\CheckBoxEEventos.csproj", "{690EDD31-98AE-412A-8672-5CB3B17B31D1}"
EndProject
Global
	GlobalSection(SolutionConfigurationPlatforms) = preSolution
		Debug|Any CPU = Debug|Any CPU
		Release|Any CPU = Release|Any CPU
	EndGlobalSection
	GlobalSection(ProjectConfigurationPlatforms) = postSolution
		{690EDD31-98AE-412A-8672-5CB3B17B31D1}.Debug|Any CPU.ActiveCfg = Debug|Any CPU
		{690EDD31-98AE-412A-8672-5CB3B17B31D1}.Debug|Any CPU.Build.0 = Debug|Any CPU
		{690EDD31-98AE-412A-8672-5CB3B17B31D1}.Release|Any CPU.ActiveCfg = Release|Any CPU
		{690EDD31-98AE-412A-8672-5CB3B17B31D1}.Release|Any CPU.Build.0 = Release|Any CPU
	EndGlobalSection
	GlobalSection(SolutionProperties) = preSolution
		HideSolutionNode = FALSE
	EndGlobalSection
	GlobalSection(ExtensibilityGlobals) = postSolution
		SolutionGuid = {0EF3FBDE-B1CF-43C3-91CC-B9336F5B3C64}
	EndGlobalSection
EndGlobal
